{
  "name": "bsv-p2p",
  "version": "0.3.0",
  "lockfileVersion": 2,
  "requires": true,
  "packages": {
    "": {
      "name": "bsv-p2p",
      "version": "0.3.0",
      "license": "MIT",
      "dependencies": {
        "bsv-minimal": "^0.5.1"
      }
    },
    "node_modules/bsv-minimal": {
      "version": "0.5.1",
      "resolved": "https://registry.npmjs.org/bsv-minimal/-/bsv-minimal-0.5.1.tgz",
      "integrity": "sha512-iYQunvhssBnz9nn8IINHBDgFHEKwcPbzFmQgMwGJbsDjF+vUPlKpHwbvPGEY+DNtMnYB6xheASqk9RBBllPdxg==",
      "engines": {
        "node": ">=12.0.0"
      }
    }
  },
  "dependencies": {
    "bsv-minimal": {
      "version": "0.5.1",
      "resolved": "https://registry.npmjs.org/bsv-minimal/-/bsv-minimal-0.5.1.tgz",
      "integrity": "sha512-iYQunvhssBnz9nn8IINHBDgFHEKwcPbzFmQgMwGJbsDjF+vUPlKpHwbvPGEY+DNtMnYB6xheASqk9RBBllPdxg=="
    }
  }
}
