{
  "name": "bsv-p2p",
  "version": "0.0.1",
  "lockfileVersion": 1,
  "requires": true,
  "dependencies": {
    "bsv-minimal": {
      "version": "0.4.0",
      "resolved": "https://registry.npmjs.org/bsv-minimal/-/bsv-minimal-0.4.0.tgz",
      "integrity": "sha512-lLD0cPbXRXzrjtFkqp2jRuXVEYVripQpSZMglZ7BSEyGElRxEehUAH0mBkYTAUeYacnE0mgtbF0KrE9Z4nSz9A=="
    }
  }
}
