{
  "name": "bsv-p2p",
  "version": "0.0.10",
  "lockfileVersion": 2,
  "requires": true,
  "packages": {
    "": {
      "name": "bsv-p2p",
      "version": "0.0.10",
      "license": "MIT",
      "dependencies": {
        "bsv-minimal": "^0.5.0"
      }
    },
    "node_modules/bsv-minimal": {
      "version": "0.5.0",
      "resolved": "https://registry.npmjs.org/bsv-minimal/-/bsv-minimal-0.5.0.tgz",
      "integrity": "sha512-5u4QsZIXS4wmTccm41AvOxihtBlu7b+RQ00+5MNBr4BXAhViTU3e3J43dQCO5Tf8zfrJl7K1Sh0aPs01CU9f6Q==",
      "engines": {
        "node": ">=12.0.0"
      }
    }
  },
  "dependencies": {
    "bsv-minimal": {
      "version": "0.5.0",
      "resolved": "https://registry.npmjs.org/bsv-minimal/-/bsv-minimal-0.5.0.tgz",
      "integrity": "sha512-5u4QsZIXS4wmTccm41AvOxihtBlu7b+RQ00+5MNBr4BXAhViTU3e3J43dQCO5Tf8zfrJl7K1Sh0aPs01CU9f6Q=="
    }
  }
}
